
Microsoft Visual Studio Solution File, Format Version 12.00
# Visual Studio Version 16
VisualStudioVersion = 16.0.30711.63
MinimumVisualStudioVersion = 10.0.40219.1
Project("{FAE04EC0-301F-11D3-BF4B-00C04F79EFBC}") = "NumberOrdering.API", "NumberOrdering.API\NumberOrdering.API.csproj", "{1FE0A300-F2FE-421D-9C65-D4BC8EA4D264}"
EndProject
Project("{FAE04EC0-301F-11D3-BF4B-00C04F79EFBC}") = "NumberOrdering.API.Tests", "NumberOrdering.API.Tests\NumberOrdering.API.Tests.csproj", "{8B66155B-E7AD-4D47-9952-1E314496C473}"
EndProject
Global
	GlobalSection(SolutionConfigurationPlatforms) = preSolution
		Debug|Any CPU = Debug|Any CPU
		Release|Any CPU = Release|Any CPU
	EndGlobalSection
	GlobalSection(ProjectConfigurationPlatforms) = postSolution
		{1FE0A300-F2FE-421D-9C65-D4BC8EA4D264}.Debug|Any CPU.ActiveCfg = Debug|Any CPU
		{1FE0A300-F2FE-421D-9C65-D4BC8EA4D264}.Debug|Any CPU.Build.0 = Debug|Any CPU
		{1FE0A300-F2FE-421D-9C65-D4BC8EA4D264}.Release|Any CPU.ActiveCfg = Release|Any CPU
		{1FE0A300-F2FE-421D-9C65-D4BC8EA4D264}.Release|Any CPU.Build.0 = Release|Any CPU
		{8B66155B-E7AD-4D47-9952-1E314496C473}.Debug|Any CPU.ActiveCfg = Debug|Any CPU
		{8B66155B-E7AD-4D47-9952-1E314496C473}.Debug|Any CPU.Build.0 = Debug|Any CPU
		{8B66155B-E7AD-4D47-9952-1E314496C473}.Release|Any CPU.ActiveCfg = Release|Any CPU
		{8B66155B-E7AD-4D47-9952-1E314496C473}.Release|Any CPU.Build.0 = Release|Any CPU
	EndGlobalSection
	GlobalSection(SolutionProperties) = preSolution
		HideSolutionNode = FALSE
	EndGlobalSection
	GlobalSection(ExtensibilityGlobals) = postSolution
		SolutionGuid = {AFC988B3-759B-4F56-BD75-082D0D2E5CF9}
	EndGlobalSection
EndGlobal
